
Microsoft Visual Studio Solution File, Format Version 12.00
# Visual Studio 15
VisualStudioVersion = 15.0.28307.421
MinimumVisualStudioVersion = 10.0.40219.1
Project("{8BC9CEB8-8B4A-11D0-8D11-00A0C91BC942}") = "GetDesktopBmp", "GetDesktopBmp\GetDesktopBmp.vcxproj", "{CF29F4D9-DE7B-45CD-B489-B92D86A1DFEF}"
EndProject
Global
	GlobalSection(SolutionConfigurationPlatforms) = preSolution
		Debug|x64 = Debug|x64
		Debug|x86 = Debug|x86
		Release|x64 = Release|x64
		Release|x86 = Release|x86
	EndGlobalSection
	GlobalSection(ProjectConfigurationPlatforms) = postSolution
		{CF29F4D9-DE7B-45CD-B489-B92D86A1DFEF}.Debug|x64.ActiveCfg = Debug|x64
		{CF29F4D9-DE7B-45CD-B489-B92D86A1DFEF}.Debug|x64.Build.0 = Debug|x64
		{CF29F4D9-DE7B-45CD-B489-B92D86A1DFEF}.Debug|x86.ActiveCfg = Debug|Win32
		{CF29F4D9-DE7B-45CD-B489-B92D86A1DFEF}.Debug|x86.Build.0 = Debug|Win32
		{CF29F4D9-DE7B-45CD-B489-B92D86A1DFEF}.Release|x64.ActiveCfg = Release|x64
		{CF29F4D9-DE7B-45CD-B489-B92D86A1DFEF}.Release|x64.Build.0 = Release|x64
		{CF29F4D9-DE7B-45CD-B489-B92D86A1DFEF}.Release|x86.ActiveCfg = Release|Win32
		{CF29F4D9-DE7B-45CD-B489-B92D86A1DFEF}.Release|x86.Build.0 = Release|Win32
	EndGlobalSection
	GlobalSection(SolutionProperties) = preSolution
		HideSolutionNode = FALSE
	EndGlobalSection
	GlobalSection(ExtensibilityGlobals) = postSolution
		SolutionGuid = {CEA8690F-FF7F-4AE2-8C17-83E2ACFAC5ED}
	EndGlobalSection
EndGlobal
